
Microsoft Visual Studio Solution File, Format Version 12.00
# Visual Studio Version 17
VisualStudioVersion = 17.4.33103.184
MinimumVisualStudioVersion = 10.0.40219.1
Project("{FAE04EC0-301F-11D3-BF4B-00C04F79EFBC}") = "Ressourcen2", "Ressourcen2\Ressourcen2.csproj", "{0CD85B90-5D15-4735-90EA-136235C1DADE}"
EndProject
Global
	GlobalSection(SolutionConfigurationPlatforms) = preSolution
		Debug|Any CPU = Debug|Any CPU
		Release|Any CPU = Release|Any CPU
	EndGlobalSection
	GlobalSection(ProjectConfigurationPlatforms) = postSolution
		{0CD85B90-5D15-4735-90EA-136235C1DADE}.Debug|Any CPU.ActiveCfg = Debug|Any CPU
		{0CD85B90-5D15-4735-90EA-136235C1DADE}.Debug|Any CPU.Build.0 = Debug|Any CPU
		{0CD85B90-5D15-4735-90EA-136235C1DADE}.Release|Any CPU.ActiveCfg = Release|Any CPU
		{0CD85B90-5D15-4735-90EA-136235C1DADE}.Release|Any CPU.Build.0 = Release|Any CPU
	EndGlobalSection
	GlobalSection(SolutionProperties) = preSolution
		HideSolutionNode = FALSE
	EndGlobalSection
	GlobalSection(ExtensibilityGlobals) = postSolution
		SolutionGuid = {6E28F2FB-2F53-46E5-B530-FA011A79FA59}
	EndGlobalSection
EndGlobal
