
Microsoft Visual Studio Solution File, Format Version 12.00
# Visual Studio Version 17
VisualStudioVersion = 17.4.33103.184
MinimumVisualStudioVersion = 10.0.40219.1
Project("{FAE04EC0-301F-11D3-BF4B-00C04F79EFBC}") = "WpfApp1", "WpfApp1\WpfApp1.csproj", "{BE1103F7-7253-4DB5-A08B-97D368B4AC8A}"
EndProject
Global
	GlobalSection(SolutionConfigurationPlatforms) = preSolution
		Debug|Any CPU = Debug|Any CPU
		Release|Any CPU = Release|Any CPU
	EndGlobalSection
	GlobalSection(ProjectConfigurationPlatforms) = postSolution
		{BE1103F7-7253-4DB5-A08B-97D368B4AC8A}.Debug|Any CPU.ActiveCfg = Debug|Any CPU
		{BE1103F7-7253-4DB5-A08B-97D368B4AC8A}.Debug|Any CPU.Build.0 = Debug|Any CPU
		{BE1103F7-7253-4DB5-A08B-97D368B4AC8A}.Release|Any CPU.ActiveCfg = Release|Any CPU
		{BE1103F7-7253-4DB5-A08B-97D368B4AC8A}.Release|Any CPU.Build.0 = Release|Any CPU
	EndGlobalSection
	GlobalSection(SolutionProperties) = preSolution
		HideSolutionNode = FALSE
	EndGlobalSection
	GlobalSection(ExtensibilityGlobals) = postSolution
		SolutionGuid = {1D0FEDA6-BFD1-4414-B9D0-673723395345}
	EndGlobalSection
EndGlobal
